[[package]]
category = "main"
description = "Code snippet extraction for documentation"
name = "code-snippet"
optional = false
python-versions = ">=3.6,<4"
version = "2.0.1"

[package.dependencies]
mbed-tools-lib = "*"
pystache = "*"
python-dotenv = "*"
toml = "*"

[[package]]
category = "main"
description = "A library of shared Mbed tools functionality"
name = "mbed-tools-lib"
optional = false
python-versions = ">=3.6,<4"
version = "1.2.1"

[package.dependencies]
python-dotenv = "*"

[[package]]
category = "main"
description = "Mustache for Python"
name = "pystache"
optional = false
python-versions = "*"
version = "0.5.4"

[[package]]
category = "main"
description = "Add .env support to your django/flask apps in development and deployments"
name = "python-dotenv"
optional = false
python-versions = "*"
version = "0.15.0"

[package.extras]
cli = ["click (>=5.0)"]

[[package]]
category = "main"
description = "Python Library for Tom's Obvious, Minimal Language"
name = "toml"
optional = false
python-versions = ">=2.6, !=3.0.*, !=3.1.*, !=3.2.*"
version = "0.10.2"

[metadata]
content-hash = "3d579de83c1d471d913bbd7400ec090069b58ae6ee75518cfdf7f0f09926f9a5"
python-versions = "^3.8"

[metadata.files]
code-snippet = [
    {file = "code-snippet-2.0.1.tar.gz", hash = "sha256:1aa6cd498681a14f51dae378c5e3abffc997d7b21affa3c616814a58bde9f6bb"},
    {file = "code_snippet-2.0.1-py3-none-any.whl", hash = "sha256:5f1bc2899ec82d5c462411afa34769d4011538d878f6e84286e351eb5b50873d"},
]
mbed-tools-lib = [
    {file = "mbed-tools-lib-1.2.1.tar.gz", hash = "sha256:7f4a30b02f5c933f8e885b60544a3e27866d78c9f4bb8b67e4f7b07cf4989a7f"},
    {file = "mbed_tools_lib-1.2.1-py3-none-any.whl", hash = "sha256:828038086300ef5f63a4fc7f91e7c3f58a5404d59d1e54d405ad68370b414936"},
]
pystache = [
    {file = "pystache-0.5.4.tar.gz", hash = "sha256:f7bbc265fb957b4d6c7c042b336563179444ab313fb93a719759111eabd3b85a"},
]
python-dotenv = [
    {file = "python-dotenv-0.15.0.tar.gz", hash = "sha256:587825ed60b1711daea4832cf37524dfd404325b7db5e25ebe88c495c9f807a0"},
    {file = "python_dotenv-0.15.0-py2.py3-none-any.whl", hash = "sha256:0c8d1b80d1a1e91717ea7d526178e3882732420b03f08afea0406db6402e220e"},
]
toml = [
    {file = "toml-0.10.2-py2.py3-none-any.whl", hash = "sha256:806143ae5bfb6a3c6e736a764057db0e6a0e05e338b5630894a5f779cabb4f9b"},
    {file = "toml-0.10.2.tar.gz", hash = "sha256:b3bda1d108d5dd99f4a20d24d9c348e91c4db7ab1b749200bded2f839ccbe68f"},
]
